# a2amodule.lock — written by git-a2a; illustrative values
schema: 1
dependencies:
  acme-lib-utils:
    git: ssh://git@github.com/acme/lib-utils.git
    ref: main
    path: .
    commit: 3d48b1a6551c398a0f67a5826165639b8175764d
    manifest: sha256:0000000000000000000000000000000000000000000000000000000000000000
    cards:
      acme-lib-utils: sha256:0000000000000000000000000000000000000000000000000000000000000000
      acme-pm: sha256:0000000000000000000000000000000000000000000000000000000000000000
    surface: tree:0000000000000000000000000000000000000000
